
Microsoft Visual Studio Solution File, Format Version 12.00
# Visual Studio Version 17
VisualStudioVersion = 17.0.31903.59
MinimumVisualStudioVersion = 10.0.40219.1
Project("{2150E333-8FDC-42A3-9474-1A3956D46DE8}") = "src", "src", "{827E0CD3-B72D-47B6-A68D-7590B98EB39B}"
EndProject
Project("{FAE04EC0-301F-11D3-BF4B-00C04F79EFBC}") = "ECommerce.Domain", "src\ECommerce.Domain\ECommerce.Domain.csproj", "{1F24B151-41C3-4737-A5D8-AD2E5F975B1D}"
EndProject
Project("{FAE04EC0-301F-11D3-BF4B-00C04F79EFBC}") = "ECommerce.Application", "src\ECommerce.Application\ECommerce.Application.csproj", "{8464C694-177E-4DF1-AEB3-00992DFB4136}"
EndProject
Project("{FAE04EC0-301F-11D3-BF4B-00C04F79EFBC}") = "ECommerce.Infrastructure", "src\ECommerce.Infrastructure\ECommerce.Infrastructure.csproj", "{75FFFD37-0748-43CC-96AA-C7200ABDF730}"
EndProject
Project("{FAE04EC0-301F-11D3-BF4B-00C04F79EFBC}") = "ECommerce.Persistence", "src\ECommerce.Persistence\ECommerce.Persistence.csproj", "{35BB8D38-4894-42C4-9F6B-79BDDECE257F}"
EndProject
Project("{FAE04EC0-301F-11D3-BF4B-00C04F79EFBC}") = "ECommerce.API", "src\ECommerce.API\ECommerce.API.csproj", "{939B7F8B-B8BA-4F4D-8B5A-E44A090A4567}"
EndProject
Project("{2150E333-8FDC-42A3-9474-1A3956D46DE8}") = "tests", "tests", "{0AB3BF05-4346-4AA6-1389-037BE0695223}"
EndProject
Project("{FAE04EC0-301F-11D3-BF4B-00C04F79EFBC}") = "ECommerce.UnitTests", "tests\ECommerce.UnitTests\ECommerce.UnitTests.csproj", "{EA15FF30-80E9-4A94-B5BB-6E3DE35A131F}"
EndProject
Project("{FAE04EC0-301F-11D3-BF4B-00C04F79EFBC}") = "ECommerce.IntegrationTests", "tests\ECommerce.IntegrationTests\ECommerce.IntegrationTests.csproj", "{23CDBFFD-679C-4640-8EA2-4E05908F5848}"
EndProject
Project("{FAE04EC0-301F-11D3-BF4B-00C04F79EFBC}") = "ECommerce.ArchitectureTests", "tests\ECommerce.ArchitectureTests\ECommerce.ArchitectureTests.csproj", "{EFC84251-732D-433E-BD28-89DBE660E896}"
EndProject
Global
	GlobalSection(SolutionConfigurationPlatforms) = preSolution
		Debug|Any CPU = Debug|Any CPU
		Debug|x64 = Debug|x64
		Debug|x86 = Debug|x86
		Release|Any CPU = Release|Any CPU
		Release|x64 = Release|x64
		Release|x86 = Release|x86
	EndGlobalSection
	GlobalSection(ProjectConfigurationPlatforms) = postSolution
		{1F24B151-41C3-4737-A5D8-AD2E5F975B1D}.Debug|Any CPU.ActiveCfg = Debug|Any CPU
		{1F24B151-41C3-4737-A5D8-AD2E5F975B1D}.Debug|Any CPU.Build.0 = Debug|Any CPU
		{1F24B151-41C3-4737-A5D8-AD2E5F975B1D}.Debug|x64.ActiveCfg = Debug|Any CPU
		{1F24B151-41C3-4737-A5D8-AD2E5F975B1D}.Debug|x64.Build.0 = Debug|Any CPU
		{1F24B151-41C3-4737-A5D8-AD2E5F975B1D}.Debug|x86.ActiveCfg = Debug|Any CPU
		{1F24B151-41C3-4737-A5D8-AD2E5F975B1D}.Debug|x86.Build.0 = Debug|Any CPU
		{1F24B151-41C3-4737-A5D8-AD2E5F975B1D}.Release|Any CPU.ActiveCfg = Release|Any CPU
		{1F24B151-41C3-4737-A5D8-AD2E5F975B1D}.Release|Any CPU.Build.0 = Release|Any CPU
		{1F24B151-41C3-4737-A5D8-AD2E5F975B1D}.Release|x64.ActiveCfg = Release|Any CPU
		{1F24B151-41C3-4737-A5D8-AD2E5F975B1D}.Release|x64.Build.0 = Release|Any CPU
		{1F24B151-41C3-4737-A5D8-AD2E5F975B1D}.Release|x86.ActiveCfg = Release|Any CPU
		{1F24B151-41C3-4737-A5D8-AD2E5F975B1D}.Release|x86.Build.0 = Release|Any CPU
		{8464C694-177E-4DF1-AEB3-00992DFB4136}.Debug|Any CPU.ActiveCfg = Debug|Any CPU
		{8464C694-177E-4DF1-AEB3-00992DFB4136}.Debug|Any CPU.Build.0 = Debug|Any CPU
		{8464C694-177E-4DF1-AEB3-00992DFB4136}.Debug|x64.ActiveCfg = Debug|Any CPU
		{8464C694-177E-4DF1-AEB3-00992DFB4136}.Debug|x64.Build.0 = Debug|Any CPU
		{8464C694-177E-4DF1-AEB3-00992DFB4136}.Debug|x86.ActiveCfg = Debug|Any CPU
		{8464C694-177E-4DF1-AEB3-00992DFB4136}.Debug|x86.Build.0 = Debug|Any CPU
		{8464C694-177E-4DF1-AEB3-00992DFB4136}.Release|Any CPU.ActiveCfg = Release|Any CPU
		{8464C694-177E-4DF1-AEB3-00992DFB4136}.Release|Any CPU.Build.0 = Release|Any CPU
		{8464C694-177E-4DF1-AEB3-00992DFB4136}.Release|x64.ActiveCfg = Release|Any CPU
		{8464C694-177E-4DF1-AEB3-00992DFB4136}.Release|x64.Build.0 = Release|Any CPU
		{8464C694-177E-4DF1-AEB3-00992DFB4136}.Release|x86.ActiveCfg = Release|Any CPU
		{8464C694-177E-4DF1-AEB3-00992DFB4136}.Release|x86.Build.0 = Release|Any CPU
		{75FFFD37-0748-43CC-96AA-C7200ABDF730}.Debug|Any CPU.ActiveCfg = Debug|Any CPU
		{75FFFD37-0748-43CC-96AA-C7200ABDF730}.Debug|Any CPU.Build.0 = Debug|Any CPU
		{75FFFD37-0748-43CC-96AA-C7200ABDF730}.Debug|x64.ActiveCfg = Debug|Any CPU
		{75FFFD37-0748-43CC-96AA-C7200ABDF730}.Debug|x64.Build.0 = Debug|Any CPU
		{75FFFD37-0748-43CC-96AA-C7200ABDF730}.Debug|x86.ActiveCfg = Debug|Any CPU
		{75FFFD37-0748-43CC-96AA-C7200ABDF730}.Debug|x86.Build.0 = Debug|Any CPU
		{75FFFD37-0748-43CC-96AA-C7200ABDF730}.Release|Any CPU.ActiveCfg = Release|Any CPU
		{75FFFD37-0748-43CC-96AA-C7200ABDF730}.Release|Any CPU.Build.0 = Release|Any CPU
		{75FFFD37-0748-43CC-96AA-C7200ABDF730}.Release|x64.ActiveCfg = Release|Any CPU
		{75FFFD37-0748-43CC-96AA-C7200ABDF730}.Release|x64.Build.0 = Release|Any CPU
		{75FFFD37-0748-43CC-96AA-C7200ABDF730}.Release|x86.ActiveCfg = Release|Any CPU
		{75FFFD37-0748-43CC-96AA-C7200ABDF730}.Release|x86.Build.0 = Release|Any CPU
		{35BB8D38-4894-42C4-9F6B-79BDDECE257F}.Debug|Any CPU.ActiveCfg = Debug|Any CPU
		{35BB8D38-4894-42C4-9F6B-79BDDECE257F}.Debug|Any CPU.Build.0 = Debug|Any CPU
		{35BB8D38-4894-42C4-9F6B-79BDDECE257F}.Debug|x64.ActiveCfg = Debug|Any CPU
		{35BB8D38-4894-42C4-9F6B-79BDDECE257F}.Debug|x64.Build.0 = Debug|Any CPU
		{35BB8D38-4894-42C4-9F6B-79BDDECE257F}.Debug|x86.ActiveCfg = Debug|Any CPU
		{35BB8D38-4894-42C4-9F6B-79BDDECE257F}.Debug|x86.Build.0 = Debug|Any CPU
		{35BB8D38-4894-42C4-9F6B-79BDDECE257F}.Release|Any CPU.ActiveCfg = Release|Any CPU
		{35BB8D38-4894-42C4-9F6B-79BDDECE257F}.Release|Any CPU.Build.0 = Release|Any CPU
		{35BB8D38-4894-42C4-9F6B-79BDDECE257F}.Release|x64.ActiveCfg = Release|Any CPU
		{35BB8D38-4894-42C4-9F6B-79BDDECE257F}.Release|x64.Build.0 = Release|Any CPU
		{35BB8D38-4894-42C4-9F6B-79BDDECE257F}.Release|x86.ActiveCfg = Release|Any CPU
		{35BB8D38-4894-42C4-9F6B-79BDDECE257F}.Release|x86.Build.0 = Release|Any CPU
		{939B7F8B-B8BA-4F4D-8B5A-E44A090A4567}.Debug|Any CPU.ActiveCfg = Debug|Any CPU
		{939B7F8B-B8BA-4F4D-8B5A-E44A090A4567}.Debug|Any CPU.Build.0 = Debug|Any CPU
		{939B7F8B-B8BA-4F4D-8B5A-E44A090A4567}.Debug|x64.ActiveCfg = Debug|Any CPU
		{939B7F8B-B8BA-4F4D-8B5A-E44A090A4567}.Debug|x64.Build.0 = Debug|Any CPU
		{939B7F8B-B8BA-4F4D-8B5A-E44A090A4567}.Debug|x86.ActiveCfg = Debug|Any CPU
		{939B7F8B-B8BA-4F4D-8B5A-E44A090A4567}.Debug|x86.Build.0 = Debug|Any CPU
		{939B7F8B-B8BA-4F4D-8B5A-E44A090A4567}.Release|Any CPU.ActiveCfg = Release|Any CPU
		{939B7F8B-B8BA-4F4D-8B5A-E44A090A4567}.Release|Any CPU.Build.0 = Release|Any CPU
		{939B7F8B-B8BA-4F4D-8B5A-E44A090A4567}.Release|x64.ActiveCfg = Release|Any CPU
		{939B7F8B-B8BA-4F4D-8B5A-E44A090A4567}.Release|x64.Build.0 = Release|Any CPU
		{939B7F8B-B8BA-4F4D-8B5A-E44A090A4567}.Release|x86.ActiveCfg = Release|Any CPU
		{939B7F8B-B8BA-4F4D-8B5A-E44A090A4567}.Release|x86.Build.0 = Release|Any CPU
		{EA15FF30-80E9-4A94-B5BB-6E3DE35A131F}.Debug|Any CPU.ActiveCfg = Debug|Any CPU
		{EA15FF30-80E9-4A94-B5BB-6E3DE35A131F}.Debug|Any CPU.Build.0 = Debug|Any CPU
		{EA15FF30-80E9-4A94-B5BB-6E3DE35A131F}.Debug|x64.ActiveCfg = Debug|Any CPU
		{EA15FF30-80E9-4A94-B5BB-6E3DE35A131F}.Debug|x64.Build.0 = Debug|Any CPU
		{EA15FF30-80E9-4A94-B5BB-6E3DE35A131F}.Debug|x86.ActiveCfg = Debug|Any CPU
		{EA15FF30-80E9-4A94-B5BB-6E3DE35A131F}.Debug|x86.Build.0 = Debug|Any CPU
		{EA15FF30-80E9-4A94-B5BB-6E3DE35A131F}.Release|Any CPU.ActiveCfg = Release|Any CPU
		{EA15FF30-80E9-4A94-B5BB-6E3DE35A131F}.Release|Any CPU.Build.0 = Release|Any CPU
		{EA15FF30-80E9-4A94-B5BB-6E3DE35A131F}.Release|x64.ActiveCfg = Release|Any CPU
		{EA15FF30-80E9-4A94-B5BB-6E3DE35A131F}.Release|x64.Build.0 = Release|Any CPU
		{EA15FF30-80E9-4A94-B5BB-6E3DE35A131F}.Release|x86.ActiveCfg = Release|Any CPU
		{EA15FF30-80E9-4A94-B5BB-6E3DE35A131F}.Release|x86.Build.0 = Release|Any CPU
		{23CDBFFD-679C-4640-8EA2-4E05908F5848}.Debug|Any CPU.ActiveCfg = Debug|Any CPU
		{23CDBFFD-679C-4640-8EA2-4E05908F5848}.Debug|Any CPU.Build.0 = Debug|Any CPU
		{23CDBFFD-679C-4640-8EA2-4E05908F5848}.Debug|x64.ActiveCfg = Debug|Any CPU
		{23CDBFFD-679C-4640-8EA2-4E05908F5848}.Debug|x64.Build.0 = Debug|Any CPU
		{23CDBFFD-679C-4640-8EA2-4E05908F5848}.Debug|x86.ActiveCfg = Debug|Any CPU
		{23CDBFFD-679C-4640-8EA2-4E05908F5848}.Debug|x86.Build.0 = Debug|Any CPU
		{23CDBFFD-679C-4640-8EA2-4E05908F5848}.Release|Any CPU.ActiveCfg = Release|Any CPU
		{23CDBFFD-679C-4640-8EA2-4E05908F5848}.Release|Any CPU.Build.0 = Release|Any CPU
		{23CDBFFD-679C-4640-8EA2-4E05908F5848}.Release|x64.ActiveCfg = Release|Any CPU
		{23CDBFFD-679C-4640-8EA2-4E05908F5848}.Release|x64.Build.0 = Release|Any CPU
		{23CDBFFD-679C-4640-8EA2-4E05908F5848}.Release|x86.ActiveCfg = Release|Any CPU
		{23CDBFFD-679C-4640-8EA2-4E05908F5848}.Release|x86.Build.0 = Release|Any CPU
		{EFC84251-732D-433E-BD28-89DBE660E896}.Debug|Any CPU.ActiveCfg = Debug|Any CPU
		{EFC84251-732D-433E-BD28-89DBE660E896}.Debug|Any CPU.Build.0 = Debug|Any CPU
		{EFC84251-732D-433E-BD28-89DBE660E896}.Debug|x64.ActiveCfg = Debug|Any CPU
		{EFC84251-732D-433E-BD28-89DBE660E896}.Debug|x64.Build.0 = Debug|Any CPU
		{EFC84251-732D-433E-BD28-89DBE660E896}.Debug|x86.ActiveCfg = Debug|Any CPU
		{EFC84251-732D-433E-BD28-89DBE660E896}.Debug|x86.Build.0 = Debug|Any CPU
		{EFC84251-732D-433E-BD28-89DBE660E896}.Release|Any CPU.ActiveCfg = Release|Any CPU
		{EFC84251-732D-433E-BD28-89DBE660E896}.Release|Any CPU.Build.0 = Release|Any CPU
		{EFC84251-732D-433E-BD28-89DBE660E896}.Release|x64.ActiveCfg = Release|Any CPU
		{EFC84251-732D-433E-BD28-89DBE660E896}.Release|x64.Build.0 = Release|Any CPU
		{EFC84251-732D-433E-BD28-89DBE660E896}.Release|x86.ActiveCfg = Release|Any CPU
		{EFC84251-732D-433E-BD28-89DBE660E896}.Release|x86.Build.0 = Release|Any CPU
	EndGlobalSection
	GlobalSection(SolutionProperties) = preSolution
		HideSolutionNode = FALSE
	EndGlobalSection
	GlobalSection(NestedProjects) = preSolution
		{1F24B151-41C3-4737-A5D8-AD2E5F975B1D} = {827E0CD3-B72D-47B6-A68D-7590B98EB39B}
		{8464C694-177E-4DF1-AEB3-00992DFB4136} = {827E0CD3-B72D-47B6-A68D-7590B98EB39B}
		{75FFFD37-0748-43CC-96AA-C7200ABDF730} = {827E0CD3-B72D-47B6-A68D-7590B98EB39B}
		{35BB8D38-4894-42C4-9F6B-79BDDECE257F} = {827E0CD3-B72D-47B6-A68D-7590B98EB39B}
		{939B7F8B-B8BA-4F4D-8B5A-E44A090A4567} = {827E0CD3-B72D-47B6-A68D-7590B98EB39B}
		{EA15FF30-80E9-4A94-B5BB-6E3DE35A131F} = {0AB3BF05-4346-4AA6-1389-037BE0695223}
		{23CDBFFD-679C-4640-8EA2-4E05908F5848} = {0AB3BF05-4346-4AA6-1389-037BE0695223}
		{EFC84251-732D-433E-BD28-89DBE660E896} = {0AB3BF05-4346-4AA6-1389-037BE0695223}
	EndGlobalSection
	GlobalSection(ExtensibilityGlobals) = postSolution
		SolutionGuid = {3207BF8D-4BDF-48AF-82B0-FA9E12B722C9}
	EndGlobalSection
EndGlobal
